// !$*UTF8*$!
{
	archiveVersion = 1;
	classes = {
	};
	objectVersion = 56;
	objects = {

/* Begin PBXBuildFile section */
		39B79DD72A692E3700F91639 /* AppDelegate.swift in Sources */ = {isa = PBXBuildFile; fileRef = 39B79DD62A692E3700F91639 /* AppDelegate.swift */; };
		39B79DD92A692E3700F91639 /* art.scnassets in Resources */ = {isa = PBXBuildFile; fileRef = 39B79DD82A692E3700F91639 /* art.scnassets */; };
		39B79DDB2A692E3700F91639 /* ViewController.swift in Sources */ = {isa = PBXBuildFile; fileRef = 39B79DDA2A692E3700F91639 /* ViewController.swift */; };
		39B79DDE2A692E3700F91639 /* Main.storyboard in Resources */ = {isa = PBXBuildFile; fileRef = 39B79DDC2A692E3700F91639 /* Main.storyboard */; };
		39B79DE02A692E3800F91639 /* Assets.xcassets in Resources */ = {isa = PBXBuildFile; fileRef = 39B79DDF2A692E3800F91639 /* Assets.xcassets */; };
		39B79DE32A692E3800F91639 /* LaunchScreen.storyboard in Resources */ = {isa = PBXBuildFile; fileRef = 39B79DE12A692E3800F91639 /* LaunchScreen.storyboard */; };
		39B79DED2A692E3800F91639 /* AR_RulerTests.swift in Sources */ = {isa = PBXBuildFile; fileRef = 39B79DEC2A692E3800F91639 /* AR_RulerTests.swift */; };
		39B79DF72A692E3800F91639 /* AR_RulerUITests.swift in Sources */ = {isa = PBXBuildFile; fileRef = 39B79DF62A692E3800F91639 /* AR_RulerUITests.swift */; };
		39B79DF92A692E3800F91639 /* AR_RulerUITestsLaunchTests.swift in Sources */ = {isa = PBXBuildFile; fileRef = 39B79DF82A692E3800F91639 /* AR_RulerUITestsLaunchTests.swift */; };
/* End PBXBuildFile section */

/* Begin PBXContainerItemProxy section */
		39B79DE92A692E3800F91639 /* PBXContainerItemProxy */ = {
			isa = PBXContainerItemProxy;
			containerPortal = 39B79DCB2A692E3700F91639 /* Project object */;
			proxyType = 1;
			remoteGlobalIDString = 39B79DD22A692E3700F91639;
			remoteInfo = "AR Ruler";
		};
		39B79DF32A692E3800F91639 /* PBXContainerItemProxy */ = {
			isa = PBXContainerItemProxy;
			containerPortal = 39B79DCB2A692E3700F91639 /* Project object */;
			proxyType = 1;
			remoteGlobalIDString = 39B79DD22A692E3700F91639;
			remoteInfo = "AR Ruler";
		};
/* End PBXContainerItemProxy section */

/* Begin PBXFileReference section */
		39B79DD32A692E3700F91639 /* AR Ruler.app */ = {isa = PBXFileReference; explicitFileType = wrapper.application; includeInIndex = 0; path = "AR Ruler.app"; sourceTree = BUILT_PRODUCTS_DIR; };
		39B79DD62A692E3700F91639 /* AppDelegate.swift */ = {isa = PBXFileReference; lastKnownFileType = sourcecode.swift; path = AppDelegate.swift; sourceTree = "<group>"; };
		39B79DD82A692E3700F91639 /* art.scnassets */ = {isa = PBXFileReference; lastKnownFileType = wrapper.scnassets; path = art.scnassets; sourceTree = "<group>"; };
		39B79DDA2A692E3700F91639 /* ViewController.swift */ = {isa = PBXFileReference; lastKnownFileType = sourcecode.swift; path = ViewController.swift; sourceTree = "<group>"; };
		39B79DDD2A692E3700F91639 /* Base */ = {isa = PBXFileReference; lastKnownFileType = file.storyboard; name = Base; path = Base.lproj/Main.storyboard; sourceTree = "<group>"; };
		39B79DDF2A692E3800F91639 /* Assets.xcassets */ = {isa = PBXFileReference; lastKnownFileType = folder.assetcatalog; path = Assets.xcassets; sourceTree = "<group>"; };
		39B79DE22A692E3800F91639 /* Base */ = {isa = PBXFileReference; lastKnownFileType = file.storyboard; name = Base; path = Base.lproj/LaunchScreen.storyboard; sourceTree = "<group>"; };
		39B79DE82A692E3800F91639 /* AR RulerTests.xctest */ = {isa = PBXFileReference; explicitFileType = wrapper.cfbundle; includeInIndex = 0; path = "AR RulerTests.xctest"; sourceTree = BUILT_PRODUCTS_DIR; };
		39B79DEC2A692E3800F91639 /* AR_RulerTests.swift */ = {isa = PBXFileReference; lastKnownFileType = sourcecode.swift; path = AR_RulerTests.swift; sourceTree = "<group>"; };
		39B79DF22A692E3800F91639 /* AR RulerUITests.xctest */ = {isa = PBXFileReference; explicitFileType = wrapper.cfbundle; includeInIndex = 0; path = "AR RulerUITests.xctest"; sourceTree = BUILT_PRODUCTS_DIR; };
		39B79DF62A692E3800F91639 /* AR_RulerUITests.swift */ = {isa = PBXFileReference; lastKnownFileType = sourcecode.swift; path = AR_RulerUITests.swift; sourceTree = "<group>"; };
		39B79DF82A692E3800F91639 /* AR_RulerUITestsLaunchTests.swift */ = {isa = PBXFileReference; lastKnownFileType = sourcecode.swift; path = AR_RulerUITestsLaunchTests.swift; sourceTree = "<group>"; };
/* End PBXFileReference section */

/* Begin PBXFrameworksBuildPhase section */
		39B79DD02A692E3700F91639 /* Frameworks */ = {
			isa = PBXFrameworksBuildPhase;
			buildActionMask = 2147483647;
			files = (
			);
			runOnlyForDeploymentPostprocessing = 0;
		};
		39B79DE52A692E3800F91639 /* Frameworks */ = {
			isa = PBXFrameworksBuildPhase;
			buildActionMask = 2147483647;
			files = (
			);
			runOnlyForDeploymentPostprocessing = 0;
		};
		39B79DEF2A692E3800F91639 /* Frameworks */ = {
			isa = PBXFrameworksBuildPhase;
			buildActionMask = 2147483647;
			files = (
			);
			runOnlyForDeploymentPostprocessing = 0;
		};
/* End PBXFrameworksBuildPhase section */

/* Begin PBXGroup section */
		39B79DCA2A692E3700F91639 = {
			isa = PBXGroup;
			children = (
				39B79DD52A692E3700F91639 /* AR Ruler */,
				39B79DEB2A692E3800F91639 /* AR RulerTests */,
				39B79DF52A692E3800F91639 /* AR RulerUITests */,
				39B79DD42A692E3700F91639 /* Products */,
			);
			sourceTree = "<group>";
		};
		39B79DD42A692E3700F91639 /* Products */ = {
			isa = PBXGroup;
			children = (
				39B79DD32A692E3700F91639 /* AR Ruler.app */,
				39B79DE82A692E3800F91639 /* AR RulerTests.xctest */,
				39B79DF22A692E3800F91639 /* AR RulerUITests.xctest */,
			);
			name = Products;
			sourceTree = "<group>";
		};
		39B79DD52A692E3700F91639 /* AR Ruler */ = {
			isa = PBXGroup;
			children = (
				39B79DD62A692E3700F91639 /* AppDelegate.swift */,
				39B79DD82A692E3700F91639 /* art.scnassets */,
				39B79DDA2A692E3700F91639 /* ViewController.swift */,
				39B79DDC2A692E3700F91639 /* Main.storyboard */,
				39B79DDF2A692E3800F91639 /* Assets.xcassets */,
				39B79DE12A692E3800F91639 /* LaunchScreen.storyboard */,
			);
			path = "AR Ruler";
			sourceTree = "<group>";
		};
		39B79DEB2A692E3800F91639 /* AR RulerTests */ = {
			isa = PBXGroup;
			children = (
				39B79DEC2A692E3800F91639 /* AR_RulerTests.swift */,
			);
			path = "AR RulerTests";
			sourceTree = "<group>";
		};
		39B79DF52A692E3800F91639 /* AR RulerUITests */ = {
			isa = PBXGroup;
			children = (
				39B79DF62A692E3800F91639 /* AR_RulerUITests.swift */,
				39B79DF82A692E3800F91639 /* AR_RulerUITestsLaunchTests.swift */,
			);
			path = "AR RulerUITests";
			sourceTree = "<group>";
		};
/* End PBXGroup section */

/* Begin PBXNativeTarget section */
		39B79DD22A692E3700F91639 /* AR Ruler */ = {
			isa = PBXNativeTarget;
			buildConfigurationList = 39B79DFC2A692E3800F91639 /* Build configuration list for PBXNativeTarget "AR Ruler" */;
			buildPhases = (
				39B79DCF2A692E3700F91639 /* Sources */,
				39B79DD02A692E3700F91639 /* Frameworks */,
				39B79DD12A692E3700F91639 /* Resources */,
			);
			buildRules = (
			);
			dependencies = (
			);
			name = "AR Ruler";
			productName = "AR Ruler";
			productReference = 39B79DD32A692E3700F91639 /* AR Ruler.app */;
			productType = "com.apple.product-type.application";
		};
		39B79DE72A692E3800F91639 /* AR RulerTests */ = {
			isa = PBXNativeTarget;
			buildConfigurationList = 39B79DFF2A692E3800F91639 /* Build configuration list for PBXNativeTarget "AR RulerTests" */;
			buildPhases = (
				39B79DE42A692E3800F91639 /* Sources */,
				39B79DE52A692E3800F91639 /* Frameworks */,
				39B79DE62A692E3800F91639 /* Resources */,
			);
			buildRules = (
			);
			dependencies = (
				39B79DEA2A692E3800F91639 /* PBXTargetDependency */,
			);
			name = "AR RulerTests";
			productName = "AR RulerTests";
			productReference = 39B79DE82A692E3800F91639 /* AR RulerTests.xctest */;
			productType = "com.apple.product-type.bundle.unit-test";
		};
		39B79DF12A692E3800F91639 /* AR RulerUITests */ = {
			isa = PBXNativeTarget;
			buildConfigurationList = 39B79E022A692E3800F91639 /* Build configuration list for PBXNativeTarget "AR RulerUITests" */;
			buildPhases = (
				39B79DEE2A692E3800F91639 /* Sources */,
				39B79DEF2A692E3800F91639 /* Frameworks */,
				39B79DF02A692E3800F91639 /* Resources */,
			);
			buildRules = (
			);
			dependencies = (
				39B79DF42A692E3800F91639 /* PBXTargetDependency */,
			);
			name = "AR RulerUITests";
			productName = "AR RulerUITests";
			productReference = 39B79DF22A692E3800F91639 /* AR RulerUITests.xctest */;
			productType = "com.apple.product-type.bundle.ui-testing";
		};
/* End PBXNativeTarget section */

/* Begin PBXProject section */
		39B79DCB2A692E3700F91639 /* Project object */ = {
			isa = PBXProject;
			attributes = {
				BuildIndependentTargetsInParallel = 1;
				LastSwiftUpdateCheck = 1430;
				LastUpgradeCheck = 1430;
				TargetAttributes = {
					39B79DD22A692E3700F91639 = {
						CreatedOnToolsVersion = 14.3.1;
					};
					39B79DE72A692E3800F91639 = {
						CreatedOnToolsVersion = 14.3.1;
						TestTargetID = 39B79DD22A692E3700F91639;
					};
					39B79DF12A692E3800F91639 = {
						CreatedOnToolsVersion = 14.3.1;
						TestTargetID = 39B79DD22A692E3700F91639;
					};
				};
			};
			buildConfigurationList = 39B79DCE2A692E3700F91639 /* Build configuration list for PBXProject "AR Ruler" */;
			compatibilityVersion = "Xcode 14.0";
			developmentRegion = en;
			hasScannedForEncodings = 0;
			knownRegions = (
				en,
				Base,
			);
			mainGroup = 39B79DCA2A692E3700F91639;
			productRefGroup = 39B79DD42A692E3700F91639 /* Products */;
			projectDirPath = "";
			projectRoot = "";
			targets = (
				39B79DD22A692E3700F91639 /* AR Ruler */,
				39B79DE72A692E3800F91639 /* AR RulerTests */,
				39B79DF12A692E3800F91639 /* AR RulerUITests */,
			);
		};
/* End PBXProject section */

/* Begin PBXResourcesBuildPhase section */
		39B79DD12A692E3700F91639 /* Resources */ = {
			isa = PBXResourcesBuildPhase;
			buildActionMask = 2147483647;
			files = (
				39B79DD92A692E3700F91639 /* art.scnassets in Resources */,
				39B79DE32A692E3800F91639 /* LaunchScreen.storyboard in Resources */,
				39B79DE02A692E3800F91639 /* Assets.xcassets in Resources */,
				39B79DDE2A692E3700F91639 /* Main.storyboard in Resources */,
			);
			runOnlyForDeploymentPostprocessing = 0;
		};
		39B79DE62A692E3800F91639 /* Resources */ = {
			isa = PBXResourcesBuildPhase;
			buildActionMask = 2147483647;
			files = (
			);
			runOnlyForDeploymentPostprocessing = 0;
		};
		39B79DF02A692E3800F91639 /* Resources */ = {
			isa = PBXResourcesBuildPhase;
			buildActionMask = 2147483647;
			files = (
			);
			runOnlyForDeploymentPostprocessing = 0;
		};
/* End PBXResourcesBuildPhase section */

/* Begin PBXSourcesBuildPhase section */
		39B79DCF2A692E3700F91639 /* Sources */ = {
			isa = PBXSourcesBuildPhase;
			buildActionMask = 2147483647;
			files = (
				39B79DDB2A692E3700F91639 /* ViewController.swift in Sources */,
				39B79DD72A692E3700F91639 /* AppDelegate.swift in Sources */,
			);
			runOnlyForDeploymentPostprocessing = 0;
		};
		39B79DE42A692E3800F91639 /* Sources */ = {
			isa = PBXSourcesBuildPhase;
			buildActionMask = 2147483647;
			files = (
				39B79DED2A692E3800F91639 /* AR_RulerTests.swift in Sources */,
			);
			runOnlyForDeploymentPostprocessing = 0;
		};
		39B79DEE2A692E3800F91639 /* Sources */ = {
			isa = PBXSourcesBuildPhase;
			buildActionMask = 2147483647;
			files = (
				39B79DF92A692E3800F91639 /* AR_RulerUITestsLaunchTests.swift in Sources */,
				39B79DF72A692E3800F91639 /* AR_RulerUITests.swift in Sources */,
			);
			runOnlyForDeploymentPostprocessing = 0;
		};
/* End PBXSourcesBuildPhase section */

/* Begin PBXTargetDependency section */
		39B79DEA2A692E3800F91639 /* PBXTargetDependency */ = {
			isa = PBXTargetDependency;
			target = 39B79DD22A692E3700F91639 /* AR Ruler */;
			targetProxy = 39B79DE92A692E3800F91639 /* PBXContainerItemProxy */;
		};
		39B79DF42A692E3800F91639 /* PBXTargetDependency */ = {
			isa = PBXTargetDependency;
			target = 39B79DD22A692E3700F91639 /* AR Ruler */;
			targetProxy = 39B79DF32A692E3800F91639 /* PBXContainerItemProxy */;
		};
/* End PBXTargetDependency section */

/* Begin PBXVariantGroup section */
		39B79DDC2A692E3700F91639 /* Main.storyboard */ = {
			isa = PBXVariantGroup;
			children = (
				39B79DDD2A692E3700F91639 /* Base */,
			);
			name = Main.storyboard;
			sourceTree = "<group>";
		};
		39B79DE12A692E3800F91639 /* LaunchScreen.storyboard */ = {
			isa = PBXVariantGroup;
			children = (
				39B79DE22A692E3800F91639 /* Base */,
			);
			name = LaunchScreen.storyboard;
			sourceTree = "<group>";
		};
/* End PBXVariantGroup section */

/* Begin XCBuildConfiguration section */
		39B79DFA2A692E3800F91639 /* Debug */ = {
			isa = XCBuildConfiguration;
			buildSettings = {
				ALWAYS_SEARCH_USER_PATHS = NO;
				CLANG_ANALYZER_NONNULL = YES;
				CLANG_ANALYZER_NUMBER_OBJECT_CONVERSION = YES_AGGRESSIVE;
				CLANG_CXX_LANGUAGE_STANDARD = "gnu++20";
				CLANG_ENABLE_MODULES = YES;
				CLANG_ENABLE_OBJC_ARC = YES;
				CLANG_ENABLE_OBJC_WEAK = YES;
				CLANG_WARN_BLOCK_CAPTURE_AUTORELEASING = YES;
				CLANG_WARN_BOOL_CONVERSION = YES;
				CLANG_WARN_COMMA = YES;
				CLANG_WARN_CONSTANT_CONVERSION = YES;
				CLANG_WARN_DEPRECATED_OBJC_IMPLEMENTATIONS = YES;
				CLANG_WARN_DIRECT_OBJC_ISA_USAGE = YES_ERROR;
				CLANG_WARN_DOCUMENTATION_COMMENTS = YES;
				CLANG_WARN_EMPTY_BODY = YES;
				CLANG_WARN_ENUM_CONVERSION = YES;
				CLANG_WARN_INFINITE_RECURSION = YES;
				CLANG_WARN_INT_CONVERSION = YES;
				CLANG_WARN_NON_LITERAL_NULL_CONVERSION = YES;
				CLANG_WARN_OBJC_IMPLICIT_RETAIN_SELF = YES;
				CLANG_WARN_OBJC_LITERAL_CONVERSION = YES;
				CLANG_WARN_OBJC_ROOT_CLASS = YES_ERROR;
				CLANG_WARN_QUOTED_INCLUDE_IN_FRAMEWORK_HEADER = YES;
				CLANG_WARN_RANGE_LOOP_ANALYSIS = YES;
				CLANG_WARN_STRICT_PROTOTYPES = YES;
				CLANG_WARN_SUSPICIOUS_MOVE = YES;
				CLANG_WARN_UNGUARDED_AVAILABILITY = YES_AGGRESSIVE;
				CLANG_WARN_UNREACHABLE_CODE = YES;
				CLANG_WARN__DUPLICATE_METHOD_MATCH = YES;
				COPY_PHASE_STRIP = NO;
				DEBUG_INFORMATION_FORMAT = dwarf;
				ENABLE_STRICT_OBJC_MSGSEND = YES;
				ENABLE_TESTABILITY = YES;
				GCC_C_LANGUAGE_STANDARD = gnu11;
				GCC_DYNAMIC_NO_PIC = NO;
				GCC_NO_COMMON_BLOCKS = YES;
				GCC_OPTIMIZATION_LEVEL = 0;
				GCC_PREPROCESSOR_DEFINITIONS = (
					"DEBUG=1",
					"$(inherited)",
				);
				GCC_WARN_64_TO_32_BIT_CONVERSION = YES;
				GCC_WARN_ABOUT_RETURN_TYPE = YES_ERROR;
				GCC_WARN_UNDECLARED_SELECTOR = YES;
				GCC_WARN_UNINITIALIZED_AUTOS = YES_AGGRESSIVE;
				GCC_WARN_UNUSED_FUNCTION = YES;
				GCC_WARN_UNUSED_VARIABLE = YES;
				IPHONEOS_DEPLOYMENT_TARGET = 16.0;
				MTL_ENABLE_DEBUG_INFO = INCLUDE_SOURCE;
				MTL_FAST_MATH = YES;
				ONLY_ACTIVE_ARCH = YES;
				SDKROOT = iphoneos;
				SWIFT_ACTIVE_COMPILATION_CONDITIONS = DEBUG;
				SWIFT_OPTIMIZATION_LEVEL = "-Onone";
			};
			name = Debug;
		};
		39B79DFB2A692E3800F91639 /* Release */ = {
			isa = XCBuildConfiguration;
			buildSettings = {
				ALWAYS_SEARCH_USER_PATHS = NO;
				CLANG_ANALYZER_NONNULL = YES;
				CLANG_ANALYZER_NUMBER_OBJECT_CONVERSION = YES_AGGRESSIVE;
				CLANG_CXX_LANGUAGE_STANDARD = "gnu++20";
				CLANG_ENABLE_MODULES = YES;
				CLANG_ENABLE_OBJC_ARC = YES;
				CLANG_ENABLE_OBJC_WEAK = YES;
				CLANG_WARN_BLOCK_CAPTURE_AUTORELEASING = YES;
				CLANG_WARN_BOOL_CONVERSION = YES;
				CLANG_WARN_COMMA = YES;
				CLANG_WARN_CONSTANT_CONVERSION = YES;
				CLANG_WARN_DEPRECATED_OBJC_IMPLEMENTATIONS = YES;
				CLANG_WARN_DIRECT_OBJC_ISA_USAGE = YES_ERROR;
				CLANG_WARN_DOCUMENTATION_COMMENTS = YES;
				CLANG_WARN_EMPTY_BODY = YES;
				CLANG_WARN_ENUM_CONVERSION = YES;
				CLANG_WARN_INFINITE_RECURSION = YES;
				CLANG_WARN_INT_CONVERSION = YES;
				CLANG_WARN_NON_LITERAL_NULL_CONVERSION = YES;
				CLANG_WARN_OBJC_IMPLICIT_RETAIN_SELF = YES;
				CLANG_WARN_OBJC_LITERAL_CONVERSION = YES;
				CLANG_WARN_OBJC_ROOT_CLASS = YES_ERROR;
				CLANG_WARN_QUOTED_INCLUDE_IN_FRAMEWORK_HEADER = YES;
				CLANG_WARN_RANGE_LOOP_ANALYSIS = YES;
				CLANG_WARN_STRICT_PROTOTYPES = YES;
				CLANG_WARN_SUSPICIOUS_MOVE = YES;
				CLANG_WARN_UNGUARDED_AVAILABILITY = YES_AGGRESSIVE;
				CLANG_WARN_UNREACHABLE_CODE = YES;
				CLANG_WARN__DUPLICATE_METHOD_MATCH = YES;
				COPY_PHASE_STRIP = NO;
				DEBUG_INFORMATION_FORMAT = "dwarf-with-dsym";
				ENABLE_NS_ASSERTIONS = NO;
				ENABLE_STRICT_OBJC_MSGSEND = YES;
				GCC_C_LANGUAGE_STANDARD = gnu11;
				GCC_NO_COMMON_BLOCKS = YES;
				GCC_WARN_64_TO_32_BIT_CONVERSION = YES;
				GCC_WARN_ABOUT_RETURN_TYPE = YES_ERROR;
				GCC_WARN_UNDECLARED_SELECTOR = YES;
				GCC_WARN_UNINITIALIZED_AUTOS = YES_AGGRESSIVE;
				GCC_WARN_UNUSED_FUNCTION = YES;
				GCC_WARN_UNUSED_VARIABLE = YES;
				IPHONEOS_DEPLOYMENT_TARGET = 16.0;
				MTL_ENABLE_DEBUG_INFO = NO;
				MTL_FAST_MATH = YES;
				SDKROOT = iphoneos;
				SWIFT_COMPILATION_MODE = wholemodule;
				SWIFT_OPTIMIZATION_LEVEL = "-O";
				VALIDATE_PRODUCT = YES;
			};
			name = Release;
		};
		39B79DFD2A692E3800F91639 /* Debug */ = {
			isa = XCBuildConfiguration;
			buildSettings = {
				ASSETCATALOG_COMPILER_APPICON_NAME = AppIcon;
				ASSETCATALOG_COMPILER_GLOBAL_ACCENT_COLOR_NAME = AccentColor;
				CODE_SIGN_STYLE = Automatic;
				CURRENT_PROJECT_VERSION = 1;
				DEVELOPMENT_TEAM = 27KRXYPLFN;
				GENERATE_INFOPLIST_FILE = YES;
				INFOPLIST_KEY_NSCameraUsageDescription = "";
				INFOPLIST_KEY_UIApplicationSupportsIndirectInputEvents = YES;
				INFOPLIST_KEY_UILaunchStoryboardName = LaunchScreen;
				INFOPLIST_KEY_UIMainStoryboardFile = Main;
				INFOPLIST_KEY_UIRequiredDeviceCapabilities = arkit;
				INFOPLIST_KEY_UIStatusBarHidden = YES;
				INFOPLIST_KEY_UISupportedInterfaceOrientations_iPad = "UIInterfaceOrientationPortrait UIInterfaceOrientationPortraitUpsideDown UIInterfaceOrientationLandscapeLeft UIInterfaceOrientationLandscapeRight";
				INFOPLIST_KEY_UISupportedInterfaceOrientations_iPhone = "UIInterfaceOrientationPortrait UIInterfaceOrientationLandscapeLeft UIInterfaceOrientationLandscapeRight";
				IPHONEOS_DEPLOYMENT_TARGET = 16.0;
				LD_RUNPATH_SEARCH_PATHS = (
					"$(inherited)",
					"@executable_path/Frameworks",
				);
				MARKETING_VERSION = 1.0;
				PRODUCT_BUNDLE_IDENTIFIER = "kelvingao.AR-Ruler";
				PRODUCT_NAME = "$(TARGET_NAME)";
				SWIFT_EMIT_LOC_STRINGS = YES;
				SWIFT_VERSION = 5.0;
				TARGETED_DEVICE_FAMILY = "1,2";
			};
			name = Debug;
		};
		39B79DFE2A692E3800F91639 /* Release */ = {
			isa = XCBuildConfiguration;
			buildSettings = {
				ASSETCATALOG_COMPILER_APPICON_NAME = AppIcon;
				ASSETCATALOG_COMPILER_GLOBAL_ACCENT_COLOR_NAME = AccentColor;
				CODE_SIGN_STYLE = Automatic;
				CURRENT_PROJECT_VERSION = 1;
				DEVELOPMENT_TEAM = 27KRXYPLFN;
				GENERATE_INFOPLIST_FILE = YES;
				INFOPLIST_KEY_NSCameraUsageDescription = "";
				INFOPLIST_KEY_UIApplicationSupportsIndirectInputEvents = YES;
				INFOPLIST_KEY_UILaunchStoryboardName = LaunchScreen;
				INFOPLIST_KEY_UIMainStoryboardFile = Main;
				INFOPLIST_KEY_UIRequiredDeviceCapabilities = arkit;
				INFOPLIST_KEY_UIStatusBarHidden = YES;
				INFOPLIST_KEY_UISupportedInterfaceOrientations_iPad = "UIInterfaceOrientationPortrait UIInterfaceOrientationPortraitUpsideDown UIInterfaceOrientationLandscapeLeft UIInterfaceOrientationLandscapeRight";
				INFOPLIST_KEY_UISupportedInterfaceOrientations_iPhone = "UIInterfaceOrientationPortrait UIInterfaceOrientationLandscapeLeft UIInterfaceOrientationLandscapeRight";
				IPHONEOS_DEPLOYMENT_TARGET = 16.0;
				LD_RUNPATH_SEARCH_PATHS = (
					"$(inherited)",
					"@executable_path/Frameworks",
				);
				MARKETING_VERSION = 1.0;
				PRODUCT_BUNDLE_IDENTIFIER = "kelvingao.AR-Ruler";
				PRODUCT_NAME = "$(TARGET_NAME)";
				SWIFT_EMIT_LOC_STRINGS = YES;
				SWIFT_VERSION = 5.0;
				TARGETED_DEVICE_FAMILY = "1,2";
			};
			name = Release;
		};
		39B79E002A692E3800F91639 /* Debug */ = {
			isa = XCBuildConfiguration;
			buildSettings = {
				ALWAYS_EMBED_SWIFT_STANDARD_LIBRARIES = YES;
				BUNDLE_LOADER = "$(TEST_HOST)";
				CODE_SIGN_STYLE = Automatic;
				CURRENT_PROJECT_VERSION = 1;
				DEVELOPMENT_TEAM = 27KRXYPLFN;
				GENERATE_INFOPLIST_FILE = YES;
				IPHONEOS_DEPLOYMENT_TARGET = 16.0;
				MARKETING_VERSION = 1.0;
				PRODUCT_BUNDLE_IDENTIFIER = "kelvingao.AR-RulerTests";
				PRODUCT_NAME = "$(TARGET_NAME)";
				SWIFT_EMIT_LOC_STRINGS = NO;
				SWIFT_VERSION = 5.0;
				TARGETED_DEVICE_FAMILY = "1,2";
				TEST_HOST = "$(BUILT_PRODUCTS_DIR)/AR Ruler.app/$(BUNDLE_EXECUTABLE_FOLDER_PATH)/AR Ruler";
			};
			name = Debug;
		};
		39B79E012A692E3800F91639 /* Release */ = {
			isa = XCBuildConfiguration;
			buildSettings = {
				ALWAYS_EMBED_SWIFT_STANDARD_LIBRARIES = YES;
				BUNDLE_LOADER = "$(TEST_HOST)";
				CODE_SIGN_STYLE = Automatic;
				CURRENT_PROJECT_VERSION = 1;
				DEVELOPMENT_TEAM = 27KRXYPLFN;
				GENERATE_INFOPLIST_FILE = YES;
				IPHONEOS_DEPLOYMENT_TARGET = 16.0;
				MARKETING_VERSION = 1.0;
				PRODUCT_BUNDLE_IDENTIFIER = "kelvingao.AR-RulerTests";
				PRODUCT_NAME = "$(TARGET_NAME)";
				SWIFT_EMIT_LOC_STRINGS = NO;
				SWIFT_VERSION = 5.0;
				TARGETED_DEVICE_FAMILY = "1,2";
				TEST_HOST = "$(BUILT_PRODUCTS_DIR)/AR Ruler.app/$(BUNDLE_EXECUTABLE_FOLDER_PATH)/AR Ruler";
			};
			name = Release;
		};
		39B79E032A692E3800F91639 /* Debug */ = {
			isa = XCBuildConfiguration;
			buildSettings = {
				ALWAYS_EMBED_SWIFT_STANDARD_LIBRARIES = YES;
				CODE_SIGN_STYLE = Automatic;
				CURRENT_PROJECT_VERSION = 1;
				DEVELOPMENT_TEAM = 27KRXYPLFN;
				GENERATE_INFOPLIST_FILE = YES;
				MARKETING_VERSION = 1.0;
				PRODUCT_BUNDLE_IDENTIFIER = "kelvingao.AR-RulerUITests";
				PRODUCT_NAME = "$(TARGET_NAME)";
				SWIFT_EMIT_LOC_STRINGS = NO;
				SWIFT_VERSION = 5.0;
				TARGETED_DEVICE_FAMILY = "1,2";
				TEST_TARGET_NAME = "AR Ruler";
			};
			name = Debug;
		};
		39B79E042A692E3800F91639 /* Release */ = {
			isa = XCBuildConfiguration;
			buildSettings = {
				ALWAYS_EMBED_SWIFT_STANDARD_LIBRARIES = YES;
				CODE_SIGN_STYLE = Automatic;
				CURRENT_PROJECT_VERSION = 1;
				DEVELOPMENT_TEAM = 27KRXYPLFN;
				GENERATE_INFOPLIST_FILE = YES;
				MARKETING_VERSION = 1.0;
				PRODUCT_BUNDLE_IDENTIFIER = "kelvingao.AR-RulerUITests";
				PRODUCT_NAME = "$(TARGET_NAME)";
				SWIFT_EMIT_LOC_STRINGS = NO;
				SWIFT_VERSION = 5.0;
				TARGETED_DEVICE_FAMILY = "1,2";
				TEST_TARGET_NAME = "AR Ruler";
			};
			name = Release;
		};
/* End XCBuildConfiguration section */

/* Begin XCConfigurationList section */
		39B79DCE2A692E3700F91639 /* Build configuration list for PBXProject "AR Ruler" */ = {
			isa = XCConfigurationList;
			buildConfigurations = (
				39B79DFA2A692E3800F91639 /* Debug */,
				39B79DFB2A692E3800F91639 /* Release */,
			);
			defaultConfigurationIsVisible = 0;
			defaultConfigurationName = Release;
		};
		39B79DFC2A692E3800F91639 /* Build configuration list for PBXNativeTarget "AR Ruler" */ = {
			isa = XCConfigurationList;
			buildConfigurations = (
				39B79DFD2A692E3800F91639 /* Debug */,
				39B79DFE2A692E3800F91639 /* Release */,
			);
			defaultConfigurationIsVisible = 0;
			defaultConfigurationName = Release;
		};
		39B79DFF2A692E3800F91639 /* Build configuration list for PBXNativeTarget "AR RulerTests" */ = {
			isa = XCConfigurationList;
			buildConfigurations = (
				39B79E002A692E3800F91639 /* Debug */,
				39B79E012A692E3800F91639 /* Release */,
			);
			defaultConfigurationIsVisible = 0;
			defaultConfigurationName = Release;
		};
		39B79E022A692E3800F91639 /* Build configuration list for PBXNativeTarget "AR RulerUITests" */ = {
			isa = XCConfigurationList;
			buildConfigurations = (
				39B79E032A692E3800F91639 /* Debug */,
				39B79E042A692E3800F91639 /* Release */,
			);
			defaultConfigurationIsVisible = 0;
			defaultConfigurationName = Release;
		};
/* End XCConfigurationList section */
	};
	rootObject = 39B79DCB2A692E3700F91639 /* Project object */;
}
